{
  "name": "simple-jieba-server",
  "version": "1.0.0",
  "lockfileVersion": 1,
  "requires": true,
  "dependencies": {
    "nan": {
      "version": "2.10.0",
      "resolved": "https://registry.npmjs.org/nan/-/nan-2.10.0.tgz",
      "integrity": "sha512-bAdJv7fBLhWC+/Bls0Oza+mvTaNQtP+1RyhhhvD95pgUJz6XM5IzgmxOkItJ9tkoCiplvAnXI1tNmmUD/eScyA=="
    },
    "nodejieba": {
      "version": "2.3.0",
      "resolved": "https://registry.npmjs.org/nodejieba/-/nodejieba-2.3.0.tgz",
      "integrity": "sha512-ZzLsVuNDlrmcBQa/b8G/yegdXje2iFmktYmPksk6qLha1brKEANYqg4XPiBspF1D0y7Npho91KTmvKFcDr0UdA==",
      "requires": {
        "nan": "~2.10.0"
      }
    }
  }
}
